// !$*UTF8*$!
{
	archiveVersion = 1;
	classes = {
	};
	objectVersion = 46;
	objects = {

/* Begin PBXBuildFile section */
		CE001C0C1BE0D04D0062090E /* main.m in Sources */ = {isa = PBXBuildFile; fileRef = CE001C0B1BE0D04D0062090E /* main.m */; };
		CE001C0F1BE0D04D0062090E /* AppDelegate.m in Sources */ = {isa = PBXBuildFile; fileRef = CE001C0E1BE0D04D0062090E /* AppDelegate.m */; };
		CE001C151BE0D04D0062090E /* Main.storyboard in Resources */ = {isa = PBXBuildFile; fileRef = CE001C131BE0D04D0062090E /* Main.storyboard */; };
		CE001C171BE0D04D0062090E /* Assets.xcassets in Resources */ = {isa = PBXBuildFile; fileRef = CE001C161BE0D04D0062090E /* Assets.xcassets */; };
		CE001C1A1BE0D04D0062090E /* LaunchScreen.storyboard in Resources */ = {isa = PBXBuildFile; fileRef = CE001C181BE0D04D0062090E /* LaunchScreen.storyboard */; };
		CE001C251BE0D04D0062090E /* SubTableViewDemoTests.m in Sources */ = {isa = PBXBuildFile; fileRef = CE001C241BE0D04D0062090E /* SubTableViewDemoTests.m */; };
		CE001C301BE0D04D0062090E /* SubTableViewDemoUITests.m in Sources */ = {isa = PBXBuildFile; fileRef = CE001C2F1BE0D04D0062090E /* SubTableViewDemoUITests.m */; };
		CE001C4A1BE0D1190062090E /* ChildTableCell.m in Sources */ = {isa = PBXBuildFile; fileRef = CE001C401BE0D1190062090E /* ChildTableCell.m */; };
		CE001C4B1BE0D1190062090E /* ChildTableCell.xib in Resources */ = {isa = PBXBuildFile; fileRef = CE001C411BE0D1190062090E /* ChildTableCell.xib */; };
		CE001C4C1BE0D1190062090E /* SubTableCell.m in Sources */ = {isa = PBXBuildFile; fileRef = CE001C431BE0D1190062090E /* SubTableCell.m */; };
		CE001C4D1BE0D1190062090E /* SubTableCell.xib in Resources */ = {isa = PBXBuildFile; fileRef = CE001C441BE0D1190062090E /* SubTableCell.xib */; };
		CE001C4E1BE0D1190062090E /* TableViewCell.m in Sources */ = {isa = PBXBuildFile; fileRef = CE001C461BE0D1190062090E /* TableViewCell.m */; };
		CE001C4F1BE0D1190062090E /* TableViewCell.xib in Resources */ = {isa = PBXBuildFile; fileRef = CE001C471BE0D1190062090E /* TableViewCell.xib */; };
		CE001C501BE0D1190062090E /* ViewController.m in Sources */ = {isa = PBXBuildFile; fileRef = CE001C491BE0D1190062090E /* ViewController.m */; };
		CE001C7C1BE0D1220062090E /* GestureComponent.m in Sources */ = {isa = PBXBuildFile; fileRef = CE001C541BE0D1220062090E /* GestureComponent.m */; };
		CE001C7D1BE0D1220062090E /* DoubleTapEdit.m in Sources */ = {isa = PBXBuildFile; fileRef = CE001C581BE0D1220062090E /* DoubleTapEdit.m */; };
		CE001C7E1BE0D1220062090E /* DTECellHolder.m in Sources */ = {isa = PBXBuildFile; fileRef = CE001C5A1BE0D1220062090E /* DTECellHolder.m */; };
		CE001C7F1BE0D1220062090E /* DTECellHolder.xib in Resources */ = {isa = PBXBuildFile; fileRef = CE001C5B1BE0D1220062090E /* DTECellHolder.xib */; };
		CE001C801BE0D1220062090E /* DoubleTap.m in Sources */ = {isa = PBXBuildFile; fileRef = CE001C5E1BE0D1220062090E /* DoubleTap.m */; };
		CE001C811BE0D1220062090E /* LongPress.m in Sources */ = {isa = PBXBuildFile; fileRef = CE001C611BE0D1220062090E /* LongPress.m */; };
		CE001C821BE0D1220062090E /* PanLeftRight.m in Sources */ = {isa = PBXBuildFile; fileRef = CE001C641BE0D1220062090E /* PanLeftRight.m */; };
		CE001C831BE0D1220062090E /* PDANCellHolder.m in Sources */ = {isa = PBXBuildFile; fileRef = CE001C671BE0D1220062090E /* PDANCellHolder.m */; };
		CE001C841BE0D1220062090E /* PDANCellHolder.xib in Resources */ = {isa = PBXBuildFile; fileRef = CE001C681BE0D1220062090E /* PDANCellHolder.xib */; };
		CE001C851BE0D1220062090E /* PullDownAddNew.m in Sources */ = {isa = PBXBuildFile; fileRef = CE001C6A1BE0D1220062090E /* PullDownAddNew.m */; };
		CE001C861BE0D1220062090E /* SingleTap.m in Sources */ = {isa = PBXBuildFile; fileRef = CE001C6D1BE0D1220062090E /* SingleTap.m */; };
		CE001C871BE0D1220062090E /* ParentTableViewCell.m in Sources */ = {isa = PBXBuildFile; fileRef = CE001C701BE0D1220062090E /* ParentTableViewCell.m */; };
		CE001C881BE0D1220062090E /* ParentTableViewCell.xib in Resources */ = {isa = PBXBuildFile; fileRef = CE001C711BE0D1220062090E /* ParentTableViewCell.xib */; };
		CE001C891BE0D1220062090E /* ParentTableView.m in Sources */ = {isa = PBXBuildFile; fileRef = CE001C731BE0D1220062090E /* ParentTableView.m */; };
		CE001C8A1BE0D1220062090E /* ChildTableViewCell.m in Sources */ = {isa = PBXBuildFile; fileRef = CE001C771BE0D1220062090E /* ChildTableViewCell.m */; };
		CE001C8B1BE0D1220062090E /* ChildTableViewCell.xib in Resources */ = {isa = PBXBuildFile; fileRef = CE001C781BE0D1220062090E /* ChildTableViewCell.xib */; };
		CE001C8C1BE0D1220062090E /* SubTableViewCell.m in Sources */ = {isa = PBXBuildFile; fileRef = CE001C7A1BE0D1220062090E /* SubTableViewCell.m */; };
		CE001C8D1BE0D1220062090E /* SubTableViewCell.xib in Resources */ = {isa = PBXBuildFile; fileRef = CE001C7B1BE0D1220062090E /* SubTableViewCell.xib */; };
/* End PBXBuildFile section */

/* Begin PBXContainerItemProxy section */
		CE001C211BE0D04D0062090E /* PBXContainerItemProxy */ = {
			isa = PBXContainerItemProxy;
			containerPortal = CE001BFF1BE0D04D0062090E /* Project object */;
			proxyType = 1;
			remoteGlobalIDString = CE001C061BE0D04D0062090E;
			remoteInfo = SubTableViewDemo;
		};
		CE001C2C1BE0D04D0062090E /* PBXContainerItemProxy */ = {
			isa = PBXContainerItemProxy;
			containerPortal = CE001BFF1BE0D04D0062090E /* Project object */;
			proxyType = 1;
			remoteGlobalIDString = CE001C061BE0D04D0062090E;
			remoteInfo = SubTableViewDemo;
		};
/* End PBXContainerItemProxy section */

/* Begin PBXFileReference section */
		CE001C071BE0D04D0062090E /* SubTableViewDemo.app */ = {isa = PBXFileReference; explicitFileType = wrapper.application; includeInIndex = 0; path = SubTableViewDemo.app; sourceTree = BUILT_PRODUCTS_DIR; };
		CE001C0B1BE0D04D0062090E /* main.m */ = {isa = PBXFileReference; lastKnownFileType = sourcecode.c.objc; path = main.m; sourceTree = "<group>"; };
		CE001C0D1BE0D04D0062090E /* AppDelegate.h */ = {isa = PBXFileReference; lastKnownFileType = sourcecode.c.h; path = AppDelegate.h; sourceTree = "<group>"; };
		CE001C0E1BE0D04D0062090E /* AppDelegate.m */ = {isa = PBXFileReference; lastKnownFileType = sourcecode.c.objc; path = AppDelegate.m; sourceTree = "<group>"; };
		CE001C141BE0D04D0062090E /* Base */ = {isa = PBXFileReference; lastKnownFileType = file.storyboard; name = Base; path = Base.lproj/Main.storyboard; sourceTree = "<group>"; };
		CE001C161BE0D04D0062090E /* Assets.xcassets */ = {isa = PBXFileReference; lastKnownFileType = folder.assetcatalog; path = Assets.xcassets; sourceTree = "<group>"; };
		CE001C191BE0D04D0062090E /* Base */ = {isa = PBXFileReference; lastKnownFileType = file.storyboard; name = Base; path = Base.lproj/LaunchScreen.storyboard; sourceTree = "<group>"; };
		CE001C1B1BE0D04D0062090E /* Info.plist */ = {isa = PBXFileReference; lastKnownFileType = text.plist.xml; path = Info.plist; sourceTree = "<group>"; };
		CE001C201BE0D04D0062090E /* SubTableViewDemoTests.xctest */ = {isa = PBXFileReference; explicitFileType = wrapper.cfbundle; includeInIndex = 0; path = SubTableViewDemoTests.xctest; sourceTree = BUILT_PRODUCTS_DIR; };
		CE001C241BE0D04D0062090E /* SubTableViewDemoTests.m */ = {isa = PBXFileReference; lastKnownFileType = sourcecode.c.objc; path = SubTableViewDemoTests.m; sourceTree = "<group>"; };
		CE001C261BE0D04D0062090E /* Info.plist */ = {isa = PBXFileReference; lastKnownFileType = text.plist.xml; path = Info.plist; sourceTree = "<group>"; };
		CE001C2B1BE0D04D0062090E /* SubTableViewDemoUITests.xctest */ = {isa = PBXFileReference; explicitFileType = wrapper.cfbundle; includeInIndex = 0; path = SubTableViewDemoUITests.xctest; sourceTree = BUILT_PRODUCTS_DIR; };
		CE001C2F1BE0D04D0062090E /* SubTableViewDemoUITests.m */ = {isa = PBXFileReference; lastKnownFileType = sourcecode.c.objc; path = SubTableViewDemoUITests.m; sourceTree = "<group>"; };
		CE001C311BE0D04D0062090E /* Info.plist */ = {isa = PBXFileReference; lastKnownFileType = text.plist.xml; path = Info.plist; sourceTree = "<group>"; };
		CE001C3F1BE0D1190062090E /* ChildTableCell.h */ = {isa = PBXFileReference; fileEncoding = 4; lastKnownFileType = sourcecode.c.h; path = ChildTableCell.h; sourceTree = "<group>"; };
		CE001C401BE0D1190062090E /* ChildTableCell.m */ = {isa = PBXFileReference; fileEncoding = 4; lastKnownFileType = sourcecode.c.objc; path = ChildTableCell.m; sourceTree = "<group>"; };
		CE001C411BE0D1190062090E /* ChildTableCell.xib */ = {isa = PBXFileReference; fileEncoding = 4; lastKnownFileType = file.xib; path = ChildTableCell.xib; sourceTree = "<group>"; };
		CE001C421BE0D1190062090E /* SubTableCell.h */ = {isa = PBXFileReference; fileEncoding = 4; lastKnownFileType = sourcecode.c.h; path = SubTableCell.h; sourceTree = "<group>"; };
		CE001C431BE0D1190062090E /* SubTableCell.m */ = {isa = PBXFileReference; fileEncoding = 4; lastKnownFileType = sourcecode.c.objc; path = SubTableCell.m; sourceTree = "<group>"; };
		CE001C441BE0D1190062090E /* SubTableCell.xib */ = {isa = PBXFileReference; fileEncoding = 4; lastKnownFileType = file.xib; path = SubTableCell.xib; sourceTree = "<group>"; };
		CE001C451BE0D1190062090E /* TableViewCell.h */ = {isa = PBXFileReference; fileEncoding = 4; lastKnownFileType = sourcecode.c.h; path = TableViewCell.h; sourceTree = "<group>"; };
		CE001C461BE0D1190062090E /* TableViewCell.m */ = {isa = PBXFileReference; fileEncoding = 4; lastKnownFileType = sourcecode.c.objc; path = TableViewCell.m; sourceTree = "<group>"; };
		CE001C471BE0D1190062090E /* TableViewCell.xib */ = {isa = PBXFileReference; fileEncoding = 4; lastKnownFileType = file.xib; path = TableViewCell.xib; sourceTree = "<group>"; };
		CE001C481BE0D1190062090E /* ViewController.h */ = {isa = PBXFileReference; fileEncoding = 4; lastKnownFileType = sourcecode.c.h; path = ViewController.h; sourceTree = "<group>"; };
		CE001C491BE0D1190062090E /* ViewController.m */ = {isa = PBXFileReference; fileEncoding = 4; lastKnownFileType = sourcecode.c.objc; path = ViewController.m; sourceTree = "<group>"; };
		CE001C531BE0D1220062090E /* GestureComponent.h */ = {isa = PBXFileReference; fileEncoding = 4; lastKnownFileType = sourcecode.c.h; path = GestureComponent.h; sourceTree = "<group>"; };
		CE001C541BE0D1220062090E /* GestureComponent.m */ = {isa = PBXFileReference; fileEncoding = 4; lastKnownFileType = sourcecode.c.objc; path = GestureComponent.m; sourceTree = "<group>"; };
		CE001C571BE0D1220062090E /* DoubleTapEdit.h */ = {isa = PBXFileReference; fileEncoding = 4; lastKnownFileType = sourcecode.c.h; path = DoubleTapEdit.h; sourceTree = "<group>"; };
		CE001C581BE0D1220062090E /* DoubleTapEdit.m */ = {isa = PBXFileReference; fileEncoding = 4; lastKnownFileType = sourcecode.c.objc; path = DoubleTapEdit.m; sourceTree = "<group>"; };
		CE001C591BE0D1220062090E /* DTECellHolder.h */ = {isa = PBXFileReference; fileEncoding = 4; lastKnownFileType = sourcecode.c.h; path = DTECellHolder.h; sourceTree = "<group>"; };
		CE001C5A1BE0D1220062090E /* DTECellHolder.m */ = {isa = PBXFileReference; fileEncoding = 4; lastKnownFileType = sourcecode.c.objc; path = DTECellHolder.m; sourceTree = "<group>"; };
		CE001C5B1BE0D1220062090E /* DTECellHolder.xib */ = {isa = PBXFileReference; fileEncoding = 4; lastKnownFileType = file.xib; path = DTECellHolder.xib; sourceTree = "<group>"; };
		CE001C5D1BE0D1220062090E /* DoubleTap.h */ = {isa = PBXFileReference; fileEncoding = 4; lastKnownFileType = sourcecode.c.h; path = DoubleTap.h; sourceTree = "<group>"; };
		CE001C5E1BE0D1220062090E /* DoubleTap.m */ = {isa = PBXFileReference; fileEncoding = 4; lastKnownFileType = sourcecode.c.objc; path = DoubleTap.m; sourceTree = "<group>"; };
		CE001C601BE0D1220062090E /* LongPress.h */ = {isa = PBXFileReference; fileEncoding = 4; lastKnownFileType = sourcecode.c.h; path = LongPress.h; sourceTree = "<group>"; };
		CE001C611BE0D1220062090E /* LongPress.m */ = {isa = PBXFileReference; fileEncoding = 4; lastKnownFileType = sourcecode.c.objc; path = LongPress.m; sourceTree = "<group>"; };
		CE001C631BE0D1220062090E /* PanLeftRight.h */ = {isa = PBXFileReference; fileEncoding = 4; lastKnownFileType = sourcecode.c.h; path = PanLeftRight.h; sourceTree = "<group>"; };
		CE001C641BE0D1220062090E /* PanLeftRight.m */ = {isa = PBXFileReference; fileEncoding = 4; lastKnownFileType = sourcecode.c.objc; path = PanLeftRight.m; sourceTree = "<group>"; };
		CE001C661BE0D1220062090E /* PDANCellHolder.h */ = {isa = PBXFileReference; fileEncoding = 4; lastKnownFileType = sourcecode.c.h; path = PDANCellHolder.h; sourceTree = "<group>"; };
		CE001C671BE0D1220062090E /* PDANCellHolder.m */ = {isa = PBXFileReference; fileEncoding = 4; lastKnownFileType = sourcecode.c.objc; path = PDANCellHolder.m; sourceTree = "<group>"; };
		CE001C681BE0D1220062090E /* PDANCellHolder.xib */ = {isa = PBXFileReference; fileEncoding = 4; lastKnownFileType = file.xib; path = PDANCellHolder.xib; sourceTree = "<group>"; };
		CE001C691BE0D1220062090E /* PullDownAddNew.h */ = {isa = PBXFileReference; fileEncoding = 4; lastKnownFileType = sourcecode.c.h; path = PullDownAddNew.h; sourceTree = "<group>"; };
		CE001C6A1BE0D1220062090E /* PullDownAddNew.m */ = {isa = PBXFileReference; fileEncoding = 4; lastKnownFileType = sourcecode.c.objc; path = PullDownAddNew.m; sourceTree = "<group>"; };
		CE001C6C1BE0D1220062090E /* SingleTap.h */ = {isa = PBXFileReference; fileEncoding = 4; lastKnownFileType = sourcecode.c.h; path = SingleTap.h; sourceTree = "<group>"; };
		CE001C6D1BE0D1220062090E /* SingleTap.m */ = {isa = PBXFileReference; fileEncoding = 4; lastKnownFileType = sourcecode.c.objc; path = SingleTap.m; sourceTree = "<group>"; };
		CE001C6F1BE0D1220062090E /* ParentTableViewCell.h */ = {isa = PBXFileReference; fileEncoding = 4; lastKnownFileType = sourcecode.c.h; path = ParentTableViewCell.h; sourceTree = "<group>"; };
		CE001C701BE0D1220062090E /* ParentTableViewCell.m */ = {isa = PBXFileReference; fileEncoding = 4; lastKnownFileType = sourcecode.c.objc; path = ParentTableViewCell.m; sourceTree = "<group>"; };
		CE001C711BE0D1220062090E /* ParentTableViewCell.xib */ = {isa = PBXFileReference; fileEncoding = 4; lastKnownFileType = file.xib; path = ParentTableViewCell.xib; sourceTree = "<group>"; };
		CE001C721BE0D1220062090E /* ParentTableView.h */ = {isa = PBXFileReference; fileEncoding = 4; lastKnownFileType = sourcecode.c.h; path = ParentTableView.h; sourceTree = "<group>"; };
		CE001C731BE0D1220062090E /* ParentTableView.m */ = {isa = PBXFileReference; fileEncoding = 4; lastKnownFileType = sourcecode.c.objc; path = ParentTableView.m; sourceTree = "<group>"; };
		CE001C761BE0D1220062090E /* ChildTableViewCell.h */ = {isa = PBXFileReference; fileEncoding = 4; lastKnownFileType = sourcecode.c.h; path = ChildTableViewCell.h; sourceTree = "<group>"; };
		CE001C771BE0D1220062090E /* ChildTableViewCell.m */ = {isa = PBXFileReference; fileEncoding = 4; lastKnownFileType = sourcecode.c.objc; path = ChildTableViewCell.m; sourceTree = "<group>"; };
		CE001C781BE0D1220062090E /* ChildTableViewCell.xib */ = {isa = PBXFileReference; fileEncoding = 4; lastKnownFileType = file.xib; path = ChildTableViewCell.xib; sourceTree = "<group>"; };
		CE001C791BE0D1220062090E /* SubTableViewCell.h */ = {isa = PBXFileReference; fileEncoding = 4; lastKnownFileType = sourcecode.c.h; path = SubTableViewCell.h; sourceTree = "<group>"; };
		CE001C7A1BE0D1220062090E /* SubTableViewCell.m */ = {isa = PBXFileReference; fileEncoding = 4; lastKnownFileType = sourcecode.c.objc; path = SubTableViewCell.m; sourceTree = "<group>"; };
		CE001C7B1BE0D1220062090E /* SubTableViewCell.xib */ = {isa = PBXFileReference; fileEncoding = 4; lastKnownFileType = file.xib; path = SubTableViewCell.xib; sourceTree = "<group>"; };
/* End PBXFileReference section */

/* Begin PBXFrameworksBuildPhase section */
		CE001C041BE0D04D0062090E /* Frameworks */ = {
			isa = PBXFrameworksBuildPhase;
			buildActionMask = 2147483647;
			files = (
			);
			runOnlyForDeploymentPostprocessing = 0;
		};
		CE001C1D1BE0D04D0062090E /* Frameworks */ = {
			isa = PBXFrameworksBuildPhase;
			buildActionMask = 2147483647;
			files = (
			);
			runOnlyForDeploymentPostprocessing = 0;
		};
		CE001C281BE0D04D0062090E /* Frameworks */ = {
			isa = PBXFrameworksBuildPhase;
			buildActionMask = 2147483647;
			files = (
			);
			runOnlyForDeploymentPostprocessing = 0;
		};
/* End PBXFrameworksBuildPhase section */

/* Begin PBXGroup section */
		CE001BFE1BE0D04D0062090E = {
			isa = PBXGroup;
			children = (
				CE001C091BE0D04D0062090E /* SubTableViewDemo */,
				CE001C231BE0D04D0062090E /* SubTableViewDemoTests */,
				CE001C2E1BE0D04D0062090E /* SubTableViewDemoUITests */,
				CE001C081BE0D04D0062090E /* Products */,
			);
			sourceTree = "<group>";
		};
		CE001C081BE0D04D0062090E /* Products */ = {
			isa = PBXGroup;
			children = (
				CE001C071BE0D04D0062090E /* SubTableViewDemo.app */,
				CE001C201BE0D04D0062090E /* SubTableViewDemoTests.xctest */,
				CE001C2B1BE0D04D0062090E /* SubTableViewDemoUITests.xctest */,
			);
			name = Products;
			sourceTree = "<group>";
		};
		CE001C091BE0D04D0062090E /* SubTableViewDemo */ = {
			isa = PBXGroup;
			children = (
				CE001C511BE0D1220062090E /* SubTable */,
				CE001C0D1BE0D04D0062090E /* AppDelegate.h */,
				CE001C0E1BE0D04D0062090E /* AppDelegate.m */,
				CE001C3E1BE0D1190062090E /* Demo */,
				CE001C131BE0D04D0062090E /* Main.storyboard */,
				CE001C161BE0D04D0062090E /* Assets.xcassets */,
				CE001C181BE0D04D0062090E /* LaunchScreen.storyboard */,
				CE001C1B1BE0D04D0062090E /* Info.plist */,
				CE001C0A1BE0D04D0062090E /* Supporting Files */,
			);
			path = SubTableViewDemo;
			sourceTree = "<group>";
		};
		CE001C0A1BE0D04D0062090E /* Supporting Files */ = {
			isa = PBXGroup;
			children = (
				CE001C0B1BE0D04D0062090E /* main.m */,
			);
			name = "Supporting Files";
			sourceTree = "<group>";
		};
		CE001C231BE0D04D0062090E /* SubTableViewDemoTests */ = {
			isa = PBXGroup;
			children = (
				CE001C241BE0D04D0062090E /* SubTableViewDemoTests.m */,
				CE001C261BE0D04D0062090E /* Info.plist */,
			);
			path = SubTableViewDemoTests;
			sourceTree = "<group>";
		};
		CE001C2E1BE0D04D0062090E /* SubTableViewDemoUITests */ = {
			isa = PBXGroup;
			children = (
				CE001C2F1BE0D04D0062090E /* SubTableViewDemoUITests.m */,
				CE001C311BE0D04D0062090E /* Info.plist */,
			);
			path = SubTableViewDemoUITests;
			sourceTree = "<group>";
		};
		CE001C3E1BE0D1190062090E /* Demo */ = {
			isa = PBXGroup;
			children = (
				CE001C3F1BE0D1190062090E /* ChildTableCell.h */,
				CE001C401BE0D1190062090E /* ChildTableCell.m */,
				CE001C411BE0D1190062090E /* ChildTableCell.xib */,
				CE001C421BE0D1190062090E /* SubTableCell.h */,
				CE001C431BE0D1190062090E /* SubTableCell.m */,
				CE001C441BE0D1190062090E /* SubTableCell.xib */,
				CE001C451BE0D1190062090E /* TableViewCell.h */,
				CE001C461BE0D1190062090E /* TableViewCell.m */,
				CE001C471BE0D1190062090E /* TableViewCell.xib */,
				CE001C481BE0D1190062090E /* ViewController.h */,
				CE001C491BE0D1190062090E /* ViewController.m */,
			);
			path = Demo;
			sourceTree = "<group>";
		};
		CE001C511BE0D1220062090E /* SubTable */ = {
			isa = PBXGroup;
			children = (
				CE001C521BE0D1220062090E /* GestureComponent */,
				CE001C551BE0D1220062090E /* Gestures */,
				CE001C6E1BE0D1220062090E /* ParentCell */,
				CE001C721BE0D1220062090E /* ParentTableView.h */,
				CE001C731BE0D1220062090E /* ParentTableView.m */,
				CE001C741BE0D1220062090E /* SubCell */,
			);
			path = SubTable;
			sourceTree = "<group>";
		};
		CE001C521BE0D1220062090E /* GestureComponent */ = {
			isa = PBXGroup;
			children = (
				CE001C531BE0D1220062090E /* GestureComponent.h */,
				CE001C541BE0D1220062090E /* GestureComponent.m */,
			);
			path = GestureComponent;
			sourceTree = "<group>";
		};
		CE001C551BE0D1220062090E /* Gestures */ = {
			isa = PBXGroup;
			children = (
				CE001C561BE0D1220062090E /* DoubleTapEdit */,
				CE001C5C1BE0D1220062090E /* DoublTap */,
				CE001C5F1BE0D1220062090E /* LongPress */,
				CE001C621BE0D1220062090E /* PanLeftRight */,
				CE001C651BE0D1220062090E /* PullDownAddNew */,
				CE001C6B1BE0D1220062090E /* SingleTap */,
			);
			path = Gestures;
			sourceTree = "<group>";
		};
		CE001C561BE0D1220062090E /* DoubleTapEdit */ = {
			isa = PBXGroup;
			children = (
				CE001C571BE0D1220062090E /* DoubleTapEdit.h */,
				CE001C581BE0D1220062090E /* DoubleTapEdit.m */,
				CE001C591BE0D1220062090E /* DTECellHolder.h */,
				CE001C5A1BE0D1220062090E /* DTECellHolder.m */,
				CE001C5B1BE0D1220062090E /* DTECellHolder.xib */,
			);
			path = DoubleTapEdit;
			sourceTree = "<group>";
		};
		CE001C5C1BE0D1220062090E /* DoublTap */ = {
			isa = PBXGroup;
			children = (
				CE001C5D1BE0D1220062090E /* DoubleTap.h */,
				CE001C5E1BE0D1220062090E /* DoubleTap.m */,
			);
			path = DoublTap;
			sourceTree = "<group>";
		};
		CE001C5F1BE0D1220062090E /* LongPress */ = {
			isa = PBXGroup;
			children = (
				CE001C601BE0D1220062090E /* LongPress.h */,
				CE001C611BE0D1220062090E /* LongPress.m */,
			);
			path = LongPress;
			sourceTree = "<group>";
		};
		CE001C621BE0D1220062090E /* PanLeftRight */ = {
			isa = PBXGroup;
			children = (
				CE001C631BE0D1220062090E /* PanLeftRight.h */,
				CE001C641BE0D1220062090E /* PanLeftRight.m */,
			);
			path = PanLeftRight;
			sourceTree = "<group>";
		};
		CE001C651BE0D1220062090E /* PullDownAddNew */ = {
			isa = PBXGroup;
			children = (
				CE001C661BE0D1220062090E /* PDANCellHolder.h */,
				CE001C671BE0D1220062090E /* PDANCellHolder.m */,
				CE001C681BE0D1220062090E /* PDANCellHolder.xib */,
				CE001C691BE0D1220062090E /* PullDownAddNew.h */,
				CE001C6A1BE0D1220062090E /* PullDownAddNew.m */,
			);
			path = PullDownAddNew;
			sourceTree = "<group>";
		};
		CE001C6B1BE0D1220062090E /* SingleTap */ = {
			isa = PBXGroup;
			children = (
				CE001C6C1BE0D1220062090E /* SingleTap.h */,
				CE001C6D1BE0D1220062090E /* SingleTap.m */,
			);
			path = SingleTap;
			sourceTree = "<group>";
		};
		CE001C6E1BE0D1220062090E /* ParentCell */ = {
			isa = PBXGroup;
			children = (
				CE001C6F1BE0D1220062090E /* ParentTableViewCell.h */,
				CE001C701BE0D1220062090E /* ParentTableViewCell.m */,
				CE001C711BE0D1220062090E /* ParentTableViewCell.xib */,
			);
			path = ParentCell;
			sourceTree = "<group>";
		};
		CE001C741BE0D1220062090E /* SubCell */ = {
			isa = PBXGroup;
			children = (
				CE001C751BE0D1220062090E /* ChildCell */,
				CE001C791BE0D1220062090E /* SubTableViewCell.h */,
				CE001C7A1BE0D1220062090E /* SubTableViewCell.m */,
				CE001C7B1BE0D1220062090E /* SubTableViewCell.xib */,
			);
			path = SubCell;
			sourceTree = "<group>";
		};
		CE001C751BE0D1220062090E /* ChildCell */ = {
			isa = PBXGroup;
			children = (
				CE001C761BE0D1220062090E /* ChildTableViewCell.h */,
				CE001C771BE0D1220062090E /* ChildTableViewCell.m */,
				CE001C781BE0D1220062090E /* ChildTableViewCell.xib */,
			);
			path = ChildCell;
			sourceTree = "<group>";
		};
/* End PBXGroup section */

/* Begin PBXNativeTarget section */
		CE001C061BE0D04D0062090E /* SubTableViewDemo */ = {
			isa = PBXNativeTarget;
			buildConfigurationList = CE001C341BE0D04D0062090E /* Build configuration list for PBXNativeTarget "SubTableViewDemo" */;
			buildPhases = (
				CE001C031BE0D04D0062090E /* Sources */,
				CE001C041BE0D04D0062090E /* Frameworks */,
				CE001C051BE0D04D0062090E /* Resources */,
			);
			buildRules = (
			);
			dependencies = (
			);
			name = SubTableViewDemo;
			productName = SubTableViewDemo;
			productReference = CE001C071BE0D04D0062090E /* SubTableViewDemo.app */;
			productType = "com.apple.product-type.application";
		};
		CE001C1F1BE0D04D0062090E /* SubTableViewDemoTests */ = {
			isa = PBXNativeTarget;
			buildConfigurationList = CE001C371BE0D04D0062090E /* Build configuration list for PBXNativeTarget "SubTableViewDemoTests" */;
			buildPhases = (
				CE001C1C1BE0D04D0062090E /* Sources */,
				CE001C1D1BE0D04D0062090E /* Frameworks */,
				CE001C1E1BE0D04D0062090E /* Resources */,
			);
			buildRules = (
			);
			dependencies = (
				CE001C221BE0D04D0062090E /* PBXTargetDependency */,
			);
			name = SubTableViewDemoTests;
			productName = SubTableViewDemoTests;
			productReference = CE001C201BE0D04D0062090E /* SubTableViewDemoTests.xctest */;
			productType = "com.apple.product-type.bundle.unit-test";
		};
		CE001C2A1BE0D04D0062090E /* SubTableViewDemoUITests */ = {
			isa = PBXNativeTarget;
			buildConfigurationList = CE001C3A1BE0D04D0062090E /* Build configuration list for PBXNativeTarget "SubTableViewDemoUITests" */;
			buildPhases = (
				CE001C271BE0D04D0062090E /* Sources */,
				CE001C281BE0D04D0062090E /* Frameworks */,
				CE001C291BE0D04D0062090E /* Resources */,
			);
			buildRules = (
			);
			dependencies = (
				CE001C2D1BE0D04D0062090E /* PBXTargetDependency */,
			);
			name = SubTableViewDemoUITests;
			productName = SubTableViewDemoUITests;
			productReference = CE001C2B1BE0D04D0062090E /* SubTableViewDemoUITests.xctest */;
			productType = "com.apple.product-type.bundle.ui-testing";
		};
/* End PBXNativeTarget section */

/* Begin PBXProject section */
		CE001BFF1BE0D04D0062090E /* Project object */ = {
			isa = PBXProject;
			attributes = {
				LastUpgradeCheck = 0710;
				ORGANIZATIONNAME = ArcTech;
				TargetAttributes = {
					CE001C061BE0D04D0062090E = {
						CreatedOnToolsVersion = 7.1;
					};
					CE001C1F1BE0D04D0062090E = {
						CreatedOnToolsVersion = 7.1;
						TestTargetID = CE001C061BE0D04D0062090E;
					};
					CE001C2A1BE0D04D0062090E = {
						CreatedOnToolsVersion = 7.1;
						TestTargetID = CE001C061BE0D04D0062090E;
					};
				};
			};
			buildConfigurationList = CE001C021BE0D04D0062090E /* Build configuration list for PBXProject "SubTableViewDemo" */;
			compatibilityVersion = "Xcode 3.2";
			developmentRegion = English;
			hasScannedForEncodings = 0;
			knownRegions = (
				en,
				Base,
			);
			mainGroup = CE001BFE1BE0D04D0062090E;
			productRefGroup = CE001C081BE0D04D0062090E /* Products */;
			projectDirPath = "";
			projectRoot = "";
			targets = (
				CE001C061BE0D04D0062090E /* SubTableViewDemo */,
				CE001C1F1BE0D04D0062090E /* SubTableViewDemoTests */,
				CE001C2A1BE0D04D0062090E /* SubTableViewDemoUITests */,
			);
		};
/* End PBXProject section */

/* Begin PBXResourcesBuildPhase section */
		CE001C051BE0D04D0062090E /* Resources */ = {
			isa = PBXResourcesBuildPhase;
			buildActionMask = 2147483647;
			files = (
				CE001C1A1BE0D04D0062090E /* LaunchScreen.storyboard in Resources */,
				CE001C7F1BE0D1220062090E /* DTECellHolder.xib in Resources */,
				CE001C881BE0D1220062090E /* ParentTableViewCell.xib in Resources */,
				CE001C4F1BE0D1190062090E /* TableViewCell.xib in Resources */,
				CE001C8B1BE0D1220062090E /* ChildTableViewCell.xib in Resources */,
				CE001C171BE0D04D0062090E /* Assets.xcassets in Resources */,
				CE001C841BE0D1220062090E /* PDANCellHolder.xib in Resources */,
				CE001C8D1BE0D1220062090E /* SubTableViewCell.xib in Resources */,
				CE001C4D1BE0D1190062090E /* SubTableCell.xib in Resources */,
				CE001C151BE0D04D0062090E /* Main.storyboard in Resources */,
				CE001C4B1BE0D1190062090E /* ChildTableCell.xib in Resources */,
			);
			runOnlyForDeploymentPostprocessing = 0;
		};
		CE001C1E1BE0D04D0062090E /* Resources */ = {
			isa = PBXResourcesBuildPhase;
			buildActionMask = 2147483647;
			files = (
			);
			runOnlyForDeploymentPostprocessing = 0;
		};
		CE001C291BE0D04D0062090E /* Resources */ = {
			isa = PBXResourcesBuildPhase;
			buildActionMask = 2147483647;
			files = (
			);
			runOnlyForDeploymentPostprocessing = 0;
		};
/* End PBXResourcesBuildPhase section */

/* Begin PBXSourcesBuildPhase section */
		CE001C031BE0D04D0062090E /* Sources */ = {
			isa = PBXSourcesBuildPhase;
			buildActionMask = 2147483647;
			files = (
				CE001C8A1BE0D1220062090E /* ChildTableViewCell.m in Sources */,
				CE001C861BE0D1220062090E /* SingleTap.m in Sources */,
				CE001C8C1BE0D1220062090E /* SubTableViewCell.m in Sources */,
				CE001C831BE0D1220062090E /* PDANCellHolder.m in Sources */,
				CE001C801BE0D1220062090E /* DoubleTap.m in Sources */,
				CE001C7E1BE0D1220062090E /* DTECellHolder.m in Sources */,
				CE001C7D1BE0D1220062090E /* DoubleTapEdit.m in Sources */,
				CE001C501BE0D1190062090E /* ViewController.m in Sources */,
				CE001C891BE0D1220062090E /* ParentTableView.m in Sources */,
				CE001C4A1BE0D1190062090E /* ChildTableCell.m in Sources */,
				CE001C0F1BE0D04D0062090E /* AppDelegate.m in Sources */,
				CE001C851BE0D1220062090E /* PullDownAddNew.m in Sources */,
				CE001C811BE0D1220062090E /* LongPress.m in Sources */,
				CE001C0C1BE0D04D0062090E /* main.m in Sources */,
				CE001C7C1BE0D1220062090E /* GestureComponent.m in Sources */,
				CE001C821BE0D1220062090E /* PanLeftRight.m in Sources */,
				CE001C871BE0D1220062090E /* ParentTableViewCell.m in Sources */,
				CE001C4E1BE0D1190062090E /* TableViewCell.m in Sources */,
				CE001C4C1BE0D1190062090E /* SubTableCell.m in Sources */,
			);
			runOnlyForDeploymentPostprocessing = 0;
		};
		CE001C1C1BE0D04D0062090E /* Sources */ = {
			isa = PBXSourcesBuildPhase;
			buildActionMask = 2147483647;
			files = (
				CE001C251BE0D04D0062090E /* SubTableViewDemoTests.m in Sources */,
			);
			runOnlyForDeploymentPostprocessing = 0;
		};
		CE001C271BE0D04D0062090E /* Sources */ = {
			isa = PBXSourcesBuildPhase;
			buildActionMask = 2147483647;
			files = (
				CE001C301BE0D04D0062090E /* SubTableViewDemoUITests.m in Sources */,
			);
			runOnlyForDeploymentPostprocessing = 0;
		};
/* End PBXSourcesBuildPhase section */

/* Begin PBXTargetDependency section */
		CE001C221BE0D04D0062090E /* PBXTargetDependency */ = {
			isa = PBXTargetDependency;
			target = CE001C061BE0D04D0062090E /* SubTableViewDemo */;
			targetProxy = CE001C211BE0D04D0062090E /* PBXContainerItemProxy */;
		};
		CE001C2D1BE0D04D0062090E /* PBXTargetDependency */ = {
			isa = PBXTargetDependency;
			target = CE001C061BE0D04D0062090E /* SubTableViewDemo */;
			targetProxy = CE001C2C1BE0D04D0062090E /* PBXContainerItemProxy */;
		};
/* End PBXTargetDependency section */

/* Begin PBXVariantGroup section */
		CE001C131BE0D04D0062090E /* Main.storyboard */ = {
			isa = PBXVariantGroup;
			children = (
				CE001C141BE0D04D0062090E /* Base */,
			);
			name = Main.storyboard;
			sourceTree = "<group>";
		};
		CE001C181BE0D04D0062090E /* LaunchScreen.storyboard */ = {
			isa = PBXVariantGroup;
			children = (
				CE001C191BE0D04D0062090E /* Base */,
			);
			name = LaunchScreen.storyboard;
			sourceTree = "<group>";
		};
/* End PBXVariantGroup section */

/* Begin XCBuildConfiguration section */
		CE001C321BE0D04D0062090E /* Debug */ = {
			isa = XCBuildConfiguration;
			buildSettings = {
				ALWAYS_SEARCH_USER_PATHS = NO;
				CLANG_CXX_LANGUAGE_STANDARD = "gnu++0x";
				CLANG_CXX_LIBRARY = "libc++";
				CLANG_ENABLE_MODULES = YES;
				CLANG_ENABLE_OBJC_ARC = YES;
				CLANG_WARN_BOOL_CONVERSION = YES;
				CLANG_WARN_CONSTANT_CONVERSION = YES;
				CLANG_WARN_DIRECT_OBJC_ISA_USAGE = YES_ERROR;
				CLANG_WARN_EMPTY_BODY = YES;
				CLANG_WARN_ENUM_CONVERSION = YES;
				CLANG_WARN_INT_CONVERSION = YES;
				CLANG_WARN_OBJC_ROOT_CLASS = YES_ERROR;
				CLANG_WARN_UNREACHABLE_CODE = YES;
				CLANG_WARN__DUPLICATE_METHOD_MATCH = YES;
				"CODE_SIGN_IDENTITY[sdk=iphoneos*]" = "iPhone Developer";
				COPY_PHASE_STRIP = NO;
				DEBUG_INFORMATION_FORMAT = dwarf;
				ENABLE_STRICT_OBJC_MSGSEND = YES;
				ENABLE_TESTABILITY = YES;
				GCC_C_LANGUAGE_STANDARD = gnu99;
				GCC_DYNAMIC_NO_PIC = NO;
				GCC_NO_COMMON_BLOCKS = YES;
				GCC_OPTIMIZATION_LEVEL = 0;
				GCC_PREPROCESSOR_DEFINITIONS = (
					"DEBUG=1",
					"$(inherited)",
				);
				GCC_WARN_64_TO_32_BIT_CONVERSION = YES;
				GCC_WARN_ABOUT_RETURN_TYPE = YES_ERROR;
				GCC_WARN_UNDECLARED_SELECTOR = YES;
				GCC_WARN_UNINITIALIZED_AUTOS = YES_AGGRESSIVE;
				GCC_WARN_UNUSED_FUNCTION = YES;
				GCC_WARN_UNUSED_VARIABLE = YES;
				IPHONEOS_DEPLOYMENT_TARGET = 9.1;
				MTL_ENABLE_DEBUG_INFO = YES;
				ONLY_ACTIVE_ARCH = YES;
				SDKROOT = iphoneos;
				TARGETED_DEVICE_FAMILY = "1,2";
			};
			name = Debug;
		};
		CE001C331BE0D04D0062090E /* Release */ = {
			isa = XCBuildConfiguration;
			buildSettings = {
				ALWAYS_SEARCH_USER_PATHS = NO;
				CLANG_CXX_LANGUAGE_STANDARD = "gnu++0x";
				CLANG_CXX_LIBRARY = "libc++";
				CLANG_ENABLE_MODULES = YES;
				CLANG_ENABLE_OBJC_ARC = YES;
				CLANG_WARN_BOOL_CONVERSION = YES;
				CLANG_WARN_CONSTANT_CONVERSION = YES;
				CLANG_WARN_DIRECT_OBJC_ISA_USAGE = YES_ERROR;
				CLANG_WARN_EMPTY_BODY = YES;
				CLANG_WARN_ENUM_CONVERSION = YES;
				CLANG_WARN_INT_CONVERSION = YES;
				CLANG_WARN_OBJC_ROOT_CLASS = YES_ERROR;
				CLANG_WARN_UNREACHABLE_CODE = YES;
				CLANG_WARN__DUPLICATE_METHOD_MATCH = YES;
				"CODE_SIGN_IDENTITY[sdk=iphoneos*]" = "iPhone Developer";
				COPY_PHASE_STRIP = NO;
				DEBUG_INFORMATION_FORMAT = "dwarf-with-dsym";
				ENABLE_NS_ASSERTIONS = NO;
				ENABLE_STRICT_OBJC_MSGSEND = YES;
				GCC_C_LANGUAGE_STANDARD = gnu99;
				GCC_NO_COMMON_BLOCKS = YES;
				GCC_WARN_64_TO_32_BIT_CONVERSION = YES;
				GCC_WARN_ABOUT_RETURN_TYPE = YES_ERROR;
				GCC_WARN_UNDECLARED_SELECTOR = YES;
				GCC_WARN_UNINITIALIZED_AUTOS = YES_AGGRESSIVE;
				GCC_WARN_UNUSED_FUNCTION = YES;
				GCC_WARN_UNUSED_VARIABLE = YES;
				IPHONEOS_DEPLOYMENT_TARGET = 9.1;
				MTL_ENABLE_DEBUG_INFO = NO;
				SDKROOT = iphoneos;
				TARGETED_DEVICE_FAMILY = "1,2";
				VALIDATE_PRODUCT = YES;
			};
			name = Release;
		};
		CE001C351BE0D04D0062090E /* Debug */ = {
			isa = XCBuildConfiguration;
			buildSettings = {
				ASSETCATALOG_COMPILER_APPICON_NAME = AppIcon;
				INFOPLIST_FILE = SubTableViewDemo/Info.plist;
				LD_RUNPATH_SEARCH_PATHS = "$(inherited) @executable_path/Frameworks";
				PRODUCT_BUNDLE_IDENTIFIER = ArcTech.SubTableViewDemo;
				PRODUCT_NAME = "$(TARGET_NAME)";
			};
			name = Debug;
		};
		CE001C361BE0D04D0062090E /* Release */ = {
			isa = XCBuildConfiguration;
			buildSettings = {
				ASSETCATALOG_COMPILER_APPICON_NAME = AppIcon;
				INFOPLIST_FILE = SubTableViewDemo/Info.plist;
				LD_RUNPATH_SEARCH_PATHS = "$(inherited) @executable_path/Frameworks";
				PRODUCT_BUNDLE_IDENTIFIER = ArcTech.SubTableViewDemo;
				PRODUCT_NAME = "$(TARGET_NAME)";
			};
			name = Release;
		};
		CE001C381BE0D04D0062090E /* Debug */ = {
			isa = XCBuildConfiguration;
			buildSettings = {
				BUNDLE_LOADER = "$(TEST_HOST)";
				INFOPLIST_FILE = SubTableViewDemoTests/Info.plist;
				LD_RUNPATH_SEARCH_PATHS = "$(inherited) @executable_path/Frameworks @loader_path/Frameworks";
				PRODUCT_BUNDLE_IDENTIFIER = ArcTech.SubTableViewDemoTests;
				PRODUCT_NAME = "$(TARGET_NAME)";
				TEST_HOST = "$(BUILT_PRODUCTS_DIR)/SubTableViewDemo.app/SubTableViewDemo";
			};
			name = Debug;
		};
		CE001C391BE0D04D0062090E /* Release */ = {
			isa = XCBuildConfiguration;
			buildSettings = {
				BUNDLE_LOADER = "$(TEST_HOST)";
				INFOPLIST_FILE = SubTableViewDemoTests/Info.plist;
				LD_RUNPATH_SEARCH_PATHS = "$(inherited) @executable_path/Frameworks @loader_path/Frameworks";
				PRODUCT_BUNDLE_IDENTIFIER = ArcTech.SubTableViewDemoTests;
				PRODUCT_NAME = "$(TARGET_NAME)";
				TEST_HOST = "$(BUILT_PRODUCTS_DIR)/SubTableViewDemo.app/SubTableViewDemo";
			};
			name = Release;
		};
		CE001C3B1BE0D04D0062090E /* Debug */ = {
			isa = XCBuildConfiguration;
			buildSettings = {
				INFOPLIST_FILE = SubTableViewDemoUITests/Info.plist;
				LD_RUNPATH_SEARCH_PATHS = "$(inherited) @executable_path/Frameworks @loader_path/Frameworks";
				PRODUCT_BUNDLE_IDENTIFIER = ArcTech.SubTableViewDemoUITests;
				PRODUCT_NAME = "$(TARGET_NAME)";
				TEST_TARGET_NAME = SubTableViewDemo;
				USES_XCTRUNNER = YES;
			};
			name = Debug;
		};
		CE001C3C1BE0D04D0062090E /* Release */ = {
			isa = XCBuildConfiguration;
			buildSettings = {
				INFOPLIST_FILE = SubTableViewDemoUITests/Info.plist;
				LD_RUNPATH_SEARCH_PATHS = "$(inherited) @executable_path/Frameworks @loader_path/Frameworks";
				PRODUCT_BUNDLE_IDENTIFIER = ArcTech.SubTableViewDemoUITests;
				PRODUCT_NAME = "$(TARGET_NAME)";
				TEST_TARGET_NAME = SubTableViewDemo;
				USES_XCTRUNNER = YES;
			};
			name = Release;
		};
/* End XCBuildConfiguration section */

/* Begin XCConfigurationList section */
		CE001C021BE0D04D0062090E /* Build configuration list for PBXProject "SubTableViewDemo" */ = {
			isa = XCConfigurationList;
			buildConfigurations = (
				CE001C321BE0D04D0062090E /* Debug */,
				CE001C331BE0D04D0062090E /* Release */,
			);
			defaultConfigurationIsVisible = 0;
			defaultConfigurationName = Release;
		};
		CE001C341BE0D04D0062090E /* Build configuration list for PBXNativeTarget "SubTableViewDemo" */ = {
			isa = XCConfigurationList;
			buildConfigurations = (
				CE001C351BE0D04D0062090E /* Debug */,
				CE001C361BE0D04D0062090E /* Release */,
			);
			defaultConfigurationIsVisible = 0;
			defaultConfigurationName = Release;
		};
		CE001C371BE0D04D0062090E /* Build configuration list for PBXNativeTarget "SubTableViewDemoTests" */ = {
			isa = XCConfigurationList;
			buildConfigurations = (
				CE001C381BE0D04D0062090E /* Debug */,
				CE001C391BE0D04D0062090E /* Release */,
			);
			defaultConfigurationIsVisible = 0;
			defaultConfigurationName = Release;
		};
		CE001C3A1BE0D04D0062090E /* Build configuration list for PBXNativeTarget "SubTableViewDemoUITests" */ = {
			isa = XCConfigurationList;
			buildConfigurations = (
				CE001C3B1BE0D04D0062090E /* Debug */,
				CE001C3C1BE0D04D0062090E /* Release */,
			);
			defaultConfigurationIsVisible = 0;
			defaultConfigurationName = Release;
		};
/* End XCConfigurationList section */
	};
	rootObject = CE001BFF1BE0D04D0062090E /* Project object */;
}
